// !$*UTF8*$!
{
	archiveVersion = 1;
	classes = {
	};
	objectVersion = 50;
	objects = {

/* Begin PBXBuildFile section */
		4A5074CF212755820078DE92 /* main.swift in Sources */ = {isa = PBXBuildFile; fileRef = 4A5074CE212755820078DE92 /* main.swift */; };
		4A5074DC212756E90078DE92 /* MarsRoverKataTests.swift in Sources */ = {isa = PBXBuildFile; fileRef = 4A5074DB212756E90078DE92 /* MarsRoverKataTests.swift */; };
		4A5074E2212759AC0078DE92 /* MarsRover.swift in Sources */ = {isa = PBXBuildFile; fileRef = 4A5074E1212759AC0078DE92 /* MarsRover.swift */; };
		4A5074E421275B000078DE92 /* MarsRover.swift in Sources */ = {isa = PBXBuildFile; fileRef = 4A5074E1212759AC0078DE92 /* MarsRover.swift */; };
/* End PBXBuildFile section */

/* Begin PBXCopyFilesBuildPhase section */
		4A5074C9212755820078DE92 /* CopyFiles */ = {
			isa = PBXCopyFilesBuildPhase;
			buildActionMask = 2147483647;
			dstPath = /usr/share/man/man1/;
			dstSubfolderSpec = 0;
			files = (
			);
			runOnlyForDeploymentPostprocessing = 1;
		};
/* End PBXCopyFilesBuildPhase section */

/* Begin PBXFileReference section */
		4A5074CB212755820078DE92 /* MarsRoverKata */ = {isa = PBXFileReference; explicitFileType = "compiled.mach-o.executable"; includeInIndex = 0; path = MarsRoverKata; sourceTree = BUILT_PRODUCTS_DIR; };
		4A5074CE212755820078DE92 /* main.swift */ = {isa = PBXFileReference; lastKnownFileType = sourcecode.swift; path = main.swift; sourceTree = "<group>"; };
		4A5074D9212756E90078DE92 /* MarsRoverKataTests.xctest */ = {isa = PBXFileReference; explicitFileType = wrapper.cfbundle; includeInIndex = 0; path = MarsRoverKataTests.xctest; sourceTree = BUILT_PRODUCTS_DIR; };
		4A5074DB212756E90078DE92 /* MarsRoverKataTests.swift */ = {isa = PBXFileReference; lastKnownFileType = sourcecode.swift; path = MarsRoverKataTests.swift; sourceTree = "<group>"; };
		4A5074DD212756E90078DE92 /* Info.plist */ = {isa = PBXFileReference; lastKnownFileType = text.plist.xml; path = Info.plist; sourceTree = "<group>"; };
		4A5074E1212759AC0078DE92 /* MarsRover.swift */ = {isa = PBXFileReference; lastKnownFileType = sourcecode.swift; path = MarsRover.swift; sourceTree = "<group>"; };
/* End PBXFileReference section */

/* Begin PBXFrameworksBuildPhase section */
		4A5074C8212755820078DE92 /* Frameworks */ = {
			isa = PBXFrameworksBuildPhase;
			buildActionMask = 2147483647;
			files = (
			);
			runOnlyForDeploymentPostprocessing = 0;
		};
		4A5074D6212756E90078DE92 /* Frameworks */ = {
			isa = PBXFrameworksBuildPhase;
			buildActionMask = 2147483647;
			files = (
			);
			runOnlyForDeploymentPostprocessing = 0;
		};
/* End PBXFrameworksBuildPhase section */

/* Begin PBXGroup section */
		4A5074C2212755820078DE92 = {
			isa = PBXGroup;
			children = (
				4A5074CD212755820078DE92 /* MarsRoverKata */,
				4A5074DA212756E90078DE92 /* MarsRoverKataTests */,
				4A5074CC212755820078DE92 /* Products */,
			);
			sourceTree = "<group>";
		};
		4A5074CC212755820078DE92 /* Products */ = {
			isa = PBXGroup;
			children = (
				4A5074CB212755820078DE92 /* MarsRoverKata */,
				4A5074D9212756E90078DE92 /* MarsRoverKataTests.xctest */,
			);
			name = Products;
			sourceTree = "<group>";
		};
		4A5074CD212755820078DE92 /* MarsRoverKata */ = {
			isa = PBXGroup;
			children = (
				4A5074CE212755820078DE92 /* main.swift */,
				4A5074E1212759AC0078DE92 /* MarsRover.swift */,
			);
			path = MarsRoverKata;
			sourceTree = "<group>";
		};
		4A5074DA212756E90078DE92 /* MarsRoverKataTests */ = {
			isa = PBXGroup;
			children = (
				4A5074DB212756E90078DE92 /* MarsRoverKataTests.swift */,
				4A5074DD212756E90078DE92 /* Info.plist */,
			);
			path = MarsRoverKataTests;
			sourceTree = "<group>";
		};
/* End PBXGroup section */

/* Begin PBXNativeTarget section */
		4A5074CA212755820078DE92 /* MarsRoverKata */ = {
			isa = PBXNativeTarget;
			buildConfigurationList = 4A5074D2212755820078DE92 /* Build configuration list for PBXNativeTarget "MarsRoverKata" */;
			buildPhases = (
				4A5074C7212755820078DE92 /* Sources */,
				4A5074C8212755820078DE92 /* Frameworks */,
				4A5074C9212755820078DE92 /* CopyFiles */,
			);
			buildRules = (
			);
			dependencies = (
			);
			name = MarsRoverKata;
			productName = MarsRoverKata;
			productReference = 4A5074CB212755820078DE92 /* MarsRoverKata */;
			productType = "com.apple.product-type.tool";
		};
		4A5074D8212756E90078DE92 /* MarsRoverKataTests */ = {
			isa = PBXNativeTarget;
			buildConfigurationList = 4A5074DE212756E90078DE92 /* Build configuration list for PBXNativeTarget "MarsRoverKataTests" */;
			buildPhases = (
				4A5074D5212756E90078DE92 /* Sources */,
				4A5074D6212756E90078DE92 /* Frameworks */,
				4A5074D7212756E90078DE92 /* Resources */,
			);
			buildRules = (
			);
			dependencies = (
			);
			name = MarsRoverKataTests;
			productName = MarsRoverKataTests;
			productReference = 4A5074D9212756E90078DE92 /* MarsRoverKataTests.xctest */;
			productType = "com.apple.product-type.bundle.unit-test";
		};
/* End PBXNativeTarget section */

/* Begin PBXProject section */
		4A5074C3212755820078DE92 /* Project object */ = {
			isa = PBXProject;
			attributes = {
				LastSwiftUpdateCheck = 0940;
				LastUpgradeCheck = 0940;
				ORGANIZATIONNAME = workshop;
				TargetAttributes = {
					4A5074CA212755820078DE92 = {
						CreatedOnToolsVersion = 9.4.1;
					};
					4A5074D8212756E90078DE92 = {
						CreatedOnToolsVersion = 9.4.1;
					};
				};
			};
			buildConfigurationList = 4A5074C6212755820078DE92 /* Build configuration list for PBXProject "MarsRoverKata" */;
			compatibilityVersion = "Xcode 9.3";
			developmentRegion = en;
			hasScannedForEncodings = 0;
			knownRegions = (
				en,
			);
			mainGroup = 4A5074C2212755820078DE92;
			productRefGroup = 4A5074CC212755820078DE92 /* Products */;
			projectDirPath = "";
			projectRoot = "";
			targets = (
				4A5074CA212755820078DE92 /* MarsRoverKata */,
				4A5074D8212756E90078DE92 /* MarsRoverKataTests */,
			);
		};
/* End PBXProject section */

/* Begin PBXResourcesBuildPhase section */
		4A5074D7212756E90078DE92 /* Resources */ = {
			isa = PBXResourcesBuildPhase;
			buildActionMask = 2147483647;
			files = (
			);
			runOnlyForDeploymentPostprocessing = 0;
		};
/* End PBXResourcesBuildPhase section */

/* Begin PBXSourcesBuildPhase section */
		4A5074C7212755820078DE92 /* Sources */ = {
			isa = PBXSourcesBuildPhase;
			buildActionMask = 2147483647;
			files = (
				4A5074CF212755820078DE92 /* main.swift in Sources */,
				4A5074E2212759AC0078DE92 /* MarsRover.swift in Sources */,
			);
			runOnlyForDeploymentPostprocessing = 0;
		};
		4A5074D5212756E90078DE92 /* Sources */ = {
			isa = PBXSourcesBuildPhase;
			buildActionMask = 2147483647;
			files = (
				4A5074DC212756E90078DE92 /* MarsRoverKataTests.swift in Sources */,
				4A5074E421275B000078DE92 /* MarsRover.swift in Sources */,
			);
			runOnlyForDeploymentPostprocessing = 0;
		};
/* End PBXSourcesBuildPhase section */

/* Begin XCBuildConfiguration section */
		4A5074D0212755820078DE92 /* Debug */ = {
			isa = XCBuildConfiguration;
			buildSettings = {
				ALWAYS_SEARCH_USER_PATHS = NO;
				CLANG_ANALYZER_NONNULL = YES;
				CLANG_ANALYZER_NUMBER_OBJECT_CONVERSION = YES_AGGRESSIVE;
				CLANG_CXX_LANGUAGE_STANDARD = "gnu++14";
				CLANG_CXX_LIBRARY = "libc++";
				CLANG_ENABLE_MODULES = YES;
				CLANG_ENABLE_OBJC_ARC = YES;
				CLANG_ENABLE_OBJC_WEAK = YES;
				CLANG_WARN_BLOCK_CAPTURE_AUTORELEASING = YES;
				CLANG_WARN_BOOL_CONVERSION = YES;
				CLANG_WARN_COMMA = YES;
				CLANG_WARN_CONSTANT_CONVERSION = YES;
				CLANG_WARN_DEPRECATED_OBJC_IMPLEMENTATIONS = YES;
				CLANG_WARN_DIRECT_OBJC_ISA_USAGE = YES_ERROR;
				CLANG_WARN_DOCUMENTATION_COMMENTS = YES;
				CLANG_WARN_EMPTY_BODY = YES;
				CLANG_WARN_ENUM_CONVERSION = YES;
				CLANG_WARN_INFINITE_RECURSION = YES;
				CLANG_WARN_INT_CONVERSION = YES;
				CLANG_WARN_NON_LITERAL_NULL_CONVERSION = YES;
				CLANG_WARN_OBJC_IMPLICIT_RETAIN_SELF = YES;
				CLANG_WARN_OBJC_LITERAL_CONVERSION = YES;
				CLANG_WARN_OBJC_ROOT_CLASS = YES_ERROR;
				CLANG_WARN_RANGE_LOOP_ANALYSIS = YES;
				CLANG_WARN_STRICT_PROTOTYPES = YES;
				CLANG_WARN_SUSPICIOUS_MOVE = YES;
				CLANG_WARN_UNGUARDED_AVAILABILITY = YES_AGGRESSIVE;
				CLANG_WARN_UNREACHABLE_CODE = YES;
				CLANG_WARN__DUPLICATE_METHOD_MATCH = YES;
				CODE_SIGN_IDENTITY = "Mac Developer";
				COPY_PHASE_STRIP = NO;
				DEBUG_INFORMATION_FORMAT = dwarf;
				ENABLE_STRICT_OBJC_MSGSEND = YES;
				ENABLE_TESTABILITY = YES;
				GCC_C_LANGUAGE_STANDARD = gnu11;
				GCC_DYNAMIC_NO_PIC = NO;
				GCC_NO_COMMON_BLOCKS = YES;
				GCC_OPTIMIZATION_LEVEL = 0;
				GCC_PREPROCESSOR_DEFINITIONS = (
					"DEBUG=1",
					"$(inherited)",
				);
				GCC_WARN_64_TO_32_BIT_CONVERSION = YES;
				GCC_WARN_ABOUT_RETURN_TYPE = YES_ERROR;
				GCC_WARN_UNDECLARED_SELECTOR = YES;
				GCC_WARN_UNINITIALIZED_AUTOS = YES_AGGRESSIVE;
				GCC_WARN_UNUSED_FUNCTION = YES;
				GCC_WARN_UNUSED_VARIABLE = YES;
				MACOSX_DEPLOYMENT_TARGET = 10.13;
				MTL_ENABLE_DEBUG_INFO = YES;
				ONLY_ACTIVE_ARCH = YES;
				SDKROOT = macosx;
				SWIFT_ACTIVE_COMPILATION_CONDITIONS = DEBUG;
				SWIFT_OPTIMIZATION_LEVEL = "-Onone";
			};
			name = Debug;
		};
		4A5074D1212755820078DE92 /* Release */ = {
			isa = XCBuildConfiguration;
			buildSettings = {
				ALWAYS_SEARCH_USER_PATHS = NO;
				CLANG_ANALYZER_NONNULL = YES;
				CLANG_ANALYZER_NUMBER_OBJECT_CONVERSION = YES_AGGRESSIVE;
				CLANG_CXX_LANGUAGE_STANDARD = "gnu++14";
				CLANG_CXX_LIBRARY = "libc++";
				CLANG_ENABLE_MODULES = YES;
				CLANG_ENABLE_OBJC_ARC = YES;
				CLANG_ENABLE_OBJC_WEAK = YES;
				CLANG_WARN_BLOCK_CAPTURE_AUTORELEASING = YES;
				CLANG_WARN_BOOL_CONVERSION = YES;
				CLANG_WARN_COMMA = YES;
				CLANG_WARN_CONSTANT_CONVERSION = YES;
				CLANG_WARN_DEPRECATED_OBJC_IMPLEMENTATIONS = YES;
				CLANG_WARN_DIRECT_OBJC_ISA_USAGE = YES_ERROR;
				CLANG_WARN_DOCUMENTATION_COMMENTS = YES;
				CLANG_WARN_EMPTY_BODY = YES;
				CLANG_WARN_ENUM_CONVERSION = YES;
				CLANG_WARN_INFINITE_RECURSION = YES;
				CLANG_WARN_INT_CONVERSION = YES;
				CLANG_WARN_NON_LITERAL_NULL_CONVERSION = YES;
				CLANG_WARN_OBJC_IMPLICIT_RETAIN_SELF = YES;
				CLANG_WARN_OBJC_LITERAL_CONVERSION = YES;
				CLANG_WARN_OBJC_ROOT_CLASS = YES_ERROR;
				CLANG_WARN_RANGE_LOOP_ANALYSIS = YES;
				CLANG_WARN_STRICT_PROTOTYPES = YES;
				CLANG_WARN_SUSPICIOUS_MOVE = YES;
				CLANG_WARN_UNGUARDED_AVAILABILITY = YES_AGGRESSIVE;
				CLANG_WARN_UNREACHABLE_CODE = YES;
				CLANG_WARN__DUPLICATE_METHOD_MATCH = YES;
				CODE_SIGN_IDENTITY = "Mac Developer";
				COPY_PHASE_STRIP = NO;
				DEBUG_INFORMATION_FORMAT = "dwarf-with-dsym";
				ENABLE_NS_ASSERTIONS = NO;
				ENABLE_STRICT_OBJC_MSGSEND = YES;
				GCC_C_LANGUAGE_STANDARD = gnu11;
				GCC_NO_COMMON_BLOCKS = YES;
				GCC_WARN_64_TO_32_BIT_CONVERSION = YES;
				GCC_WARN_ABOUT_RETURN_TYPE = YES_ERROR;
				GCC_WARN_UNDECLARED_SELECTOR = YES;
				GCC_WARN_UNINITIALIZED_AUTOS = YES_AGGRESSIVE;
				GCC_WARN_UNUSED_FUNCTION = YES;
				GCC_WARN_UNUSED_VARIABLE = YES;
				MACOSX_DEPLOYMENT_TARGET = 10.13;
				MTL_ENABLE_DEBUG_INFO = NO;
				SDKROOT = macosx;
				SWIFT_COMPILATION_MODE = wholemodule;
				SWIFT_OPTIMIZATION_LEVEL = "-O";
			};
			name = Release;
		};
		4A5074D3212755820078DE92 /* Debug */ = {
			isa = XCBuildConfiguration;
			buildSettings = {
				CODE_SIGN_STYLE = Automatic;
				DEVELOPMENT_TEAM = X24BUTX7Q5;
				PRODUCT_NAME = "$(TARGET_NAME)";
				SWIFT_VERSION = 4.0;
			};
			name = Debug;
		};
		4A5074D4212755820078DE92 /* Release */ = {
			isa = XCBuildConfiguration;
			buildSettings = {
				CODE_SIGN_STYLE = Automatic;
				DEVELOPMENT_TEAM = X24BUTX7Q5;
				PRODUCT_NAME = "$(TARGET_NAME)";
				SWIFT_VERSION = 4.0;
			};
			name = Release;
		};
		4A5074DF212756E90078DE92 /* Debug */ = {
			isa = XCBuildConfiguration;
			buildSettings = {
				CODE_SIGN_STYLE = Automatic;
				COMBINE_HIDPI_IMAGES = YES;
				DEVELOPMENT_TEAM = X24BUTX7Q5;
				INFOPLIST_FILE = MarsRoverKataTests/Info.plist;
				LD_RUNPATH_SEARCH_PATHS = (
					"$(inherited)",
					"@executable_path/../Frameworks",
					"@loader_path/../Frameworks",
				);
				PRODUCT_BUNDLE_IDENTIFIER = com.tw.workshop.MarsRoverKataTests;
				PRODUCT_NAME = "$(TARGET_NAME)";
				SWIFT_VERSION = 4.0;
			};
			name = Debug;
		};
		4A5074E0212756E90078DE92 /* Release */ = {
			isa = XCBuildConfiguration;
			buildSettings = {
				CODE_SIGN_STYLE = Automatic;
				COMBINE_HIDPI_IMAGES = YES;
				DEVELOPMENT_TEAM = X24BUTX7Q5;
				INFOPLIST_FILE = MarsRoverKataTests/Info.plist;
				LD_RUNPATH_SEARCH_PATHS = (
					"$(inherited)",
					"@executable_path/../Frameworks",
					"@loader_path/../Frameworks",
				);
				PRODUCT_BUNDLE_IDENTIFIER = com.tw.workshop.MarsRoverKataTests;
				PRODUCT_NAME = "$(TARGET_NAME)";
				SWIFT_VERSION = 4.0;
			};
			name = Release;
		};
/* End XCBuildConfiguration section */

/* Begin XCConfigurationList section */
		4A5074C6212755820078DE92 /* Build configuration list for PBXProject "MarsRoverKata" */ = {
			isa = XCConfigurationList;
			buildConfigurations = (
				4A5074D0212755820078DE92 /* Debug */,
				4A5074D1212755820078DE92 /* Release */,
			);
			defaultConfigurationIsVisible = 0;
			defaultConfigurationName = Release;
		};
		4A5074D2212755820078DE92 /* Build configuration list for PBXNativeTarget "MarsRoverKata" */ = {
			isa = XCConfigurationList;
			buildConfigurations = (
				4A5074D3212755820078DE92 /* Debug */,
				4A5074D4212755820078DE92 /* Release */,
			);
			defaultConfigurationIsVisible = 0;
			defaultConfigurationName = Release;
		};
		4A5074DE212756E90078DE92 /* Build configuration list for PBXNativeTarget "MarsRoverKataTests" */ = {
			isa = XCConfigurationList;
			buildConfigurations = (
				4A5074DF212756E90078DE92 /* Debug */,
				4A5074E0212756E90078DE92 /* Release */,
			);
			defaultConfigurationIsVisible = 0;
			defaultConfigurationName = Release;
		};
/* End XCConfigurationList section */
	};
	rootObject = 4A5074C3212755820078DE92 /* Project object */;
}
